
Microsoft Visual Studio Solution File, Format Version 12.00
# Visual Studio Version 17
VisualStudioVersion = 17.7.34024.191
MinimumVisualStudioVersion = 10.0.40219.1
Project("{FAE04EC0-301F-11D3-BF4B-00C04F79EFBC}") = "PowershellCSharp", "PowershellCSharp.csproj", "{CCAA42BC-704D-4673-9943-87030812B9DF}"
EndProject
Global
	GlobalSection(SolutionConfigurationPlatforms) = preSolution
		Debug|Any CPU = Debug|Any CPU
		Release|Any CPU = Release|Any CPU
	EndGlobalSection
	GlobalSection(ProjectConfigurationPlatforms) = postSolution
		{CCAA42BC-704D-4673-9943-87030812B9DF}.Debug|Any CPU.ActiveCfg = Debug|Any CPU
		{CCAA42BC-704D-4673-9943-87030812B9DF}.Debug|Any CPU.Build.0 = Debug|Any CPU
		{CCAA42BC-704D-4673-9943-87030812B9DF}.Release|Any CPU.ActiveCfg = Release|Any CPU
		{CCAA42BC-704D-4673-9943-87030812B9DF}.Release|Any CPU.Build.0 = Release|Any CPU
	EndGlobalSection
	GlobalSection(SolutionProperties) = preSolution
		HideSolutionNode = FALSE
	EndGlobalSection
	GlobalSection(ExtensibilityGlobals) = postSolution
		SolutionGuid = {622D31E3-8FA8-49A4-B13B-EFF8B7892965}
	EndGlobalSection
EndGlobal
